
Microsoft Visual Studio Solution File, Format Version 12.00
# Visual Studio Version 17
VisualStudioVersion = 17.13.35825.156
MinimumVisualStudioVersion = 10.0.40219.1
Project("{FAE04EC0-301F-11D3-BF4B-00C04F79EFBC}") = "FluentCMS.Entities", "Backend\FluentCMS.Entities\FluentCMS.Entities.csproj", "{AC14DD00-BF55-F41D-D8AF-991209B6E2EE}"
EndProject
Project("{2150E333-8FDC-42A3-9474-1A3956D46DE8}") = "Backend", "Backend", "{02EA681E-C7D8-13C7-8484-4AC65E1B71E8}"
EndProject
Project("{2150E333-8FDC-42A3-9474-1A3956D46DE8}") = "Repositories", "Repositories", "{EC10F87D-0D8C-4F61-9C45-5F8E0CDFC459}"
EndProject
Project("{FAE04EC0-301F-11D3-BF4B-00C04F79EFBC}") = "FluentCMS.Repositories.Abstractions", "Backend\Repositories\FluentCMS.Repositories.Abstractions\FluentCMS.Repositories.Abstractions.csproj", "{3CB9807D-32D1-4108-8CB0-D8969BE653F0}"
EndProject
Project("{FAE04EC0-301F-11D3-BF4B-00C04F79EFBC}") = "FluentCMS.Repositories.LiteDB", "Backend\Repositories\FluentCMS.Repositories.LiteDB\FluentCMS.Repositories.LiteDB.csproj", "{B620F435-0AB4-AD95-2B06-A65868D8EC2D}"
EndProject
Project("{FAE04EC0-301F-11D3-BF4B-00C04F79EFBC}") = "FluentCMS.Repositories.MongoDB", "Backend\Repositories\FluentCMS.Repositories.MongoDB\FluentCMS.Repositories.MongoDB.csproj", "{84DB1D48-10F4-8EBE-8175-41F88D821D58}"
EndProject
Project("{FAE04EC0-301F-11D3-BF4B-00C04F79EFBC}") = "FluentCMS.Repositories.SQLite", "Backend\Repositories\FluentCMS.Repositories.SQLite\FluentCMS.Repositories.SQLite.csproj", "{FB7E8962-F606-080B-4A15-903A4064934D}"
EndProject
Project("{FAE04EC0-301F-11D3-BF4B-00C04F79EFBC}") = "FluentCMS.Repositories.SqlServer", "Backend\Repositories\FluentCMS.Repositories.SqlServer\FluentCMS.Repositories.SqlServer.csproj", "{73CD5C37-0772-BE9B-44FA-D2C390DD51B1}"
EndProject
Project("{FAE04EC0-301F-11D3-BF4B-00C04F79EFBC}") = "FluentCMS.Repositories.EntityFramework", "Backend\Repositories\FluentCMS.Repositories.EntityFramework\FluentCMS.Repositories.EntityFramework.csproj", "{EEAEA2E6-1363-40CC-BD0B-DBD35AC78CD3}"
EndProject
Global
	GlobalSection(SolutionConfigurationPlatforms) = preSolution
		Debug|Any CPU = Debug|Any CPU
		Release|Any CPU = Release|Any CPU
	EndGlobalSection
	GlobalSection(ProjectConfigurationPlatforms) = postSolution
		{AC14DD00-BF55-F41D-D8AF-991209B6E2EE}.Debug|Any CPU.ActiveCfg = Debug|Any CPU
		{AC14DD00-BF55-F41D-D8AF-991209B6E2EE}.Debug|Any CPU.Build.0 = Debug|Any CPU
		{AC14DD00-BF55-F41D-D8AF-991209B6E2EE}.Release|Any CPU.ActiveCfg = Release|Any CPU
		{AC14DD00-BF55-F41D-D8AF-991209B6E2EE}.Release|Any CPU.Build.0 = Release|Any CPU
		{3CB9807D-32D1-4108-8CB0-D8969BE653F0}.Debug|Any CPU.ActiveCfg = Debug|Any CPU
		{3CB9807D-32D1-4108-8CB0-D8969BE653F0}.Debug|Any CPU.Build.0 = Debug|Any CPU
		{3CB9807D-32D1-4108-8CB0-D8969BE653F0}.Release|Any CPU.ActiveCfg = Release|Any CPU
		{3CB9807D-32D1-4108-8CB0-D8969BE653F0}.Release|Any CPU.Build.0 = Release|Any CPU
		{B620F435-0AB4-AD95-2B06-A65868D8EC2D}.Debug|Any CPU.ActiveCfg = Debug|Any CPU
		{B620F435-0AB4-AD95-2B06-A65868D8EC2D}.Debug|Any CPU.Build.0 = Debug|Any CPU
		{B620F435-0AB4-AD95-2B06-A65868D8EC2D}.Release|Any CPU.ActiveCfg = Release|Any CPU
		{B620F435-0AB4-AD95-2B06-A65868D8EC2D}.Release|Any CPU.Build.0 = Release|Any CPU
		{84DB1D48-10F4-8EBE-8175-41F88D821D58}.Debug|Any CPU.ActiveCfg = Debug|Any CPU
		{84DB1D48-10F4-8EBE-8175-41F88D821D58}.Debug|Any CPU.Build.0 = Debug|Any CPU
		{84DB1D48-10F4-8EBE-8175-41F88D821D58}.Release|Any CPU.ActiveCfg = Release|Any CPU
		{84DB1D48-10F4-8EBE-8175-41F88D821D58}.Release|Any CPU.Build.0 = Release|Any CPU
		{FB7E8962-F606-080B-4A15-903A4064934D}.Debug|Any CPU.ActiveCfg = Debug|Any CPU
		{FB7E8962-F606-080B-4A15-903A4064934D}.Debug|Any CPU.Build.0 = Debug|Any CPU
		{FB7E8962-F606-080B-4A15-903A4064934D}.Release|Any CPU.ActiveCfg = Release|Any CPU
		{FB7E8962-F606-080B-4A15-903A4064934D}.Release|Any CPU.Build.0 = Release|Any CPU
		{73CD5C37-0772-BE9B-44FA-D2C390DD51B1}.Debug|Any CPU.ActiveCfg = Debug|Any CPU
		{73CD5C37-0772-BE9B-44FA-D2C390DD51B1}.Debug|Any CPU.Build.0 = Debug|Any CPU
		{73CD5C37-0772-BE9B-44FA-D2C390DD51B1}.Release|Any CPU.ActiveCfg = Release|Any CPU
		{73CD5C37-0772-BE9B-44FA-D2C390DD51B1}.Release|Any CPU.Build.0 = Release|Any CPU
		{EEAEA2E6-1363-40CC-BD0B-DBD35AC78CD3}.Debug|Any CPU.ActiveCfg = Debug|Any CPU
		{EEAEA2E6-1363-40CC-BD0B-DBD35AC78CD3}.Debug|Any CPU.Build.0 = Debug|Any CPU
		{EEAEA2E6-1363-40CC-BD0B-DBD35AC78CD3}.Release|Any CPU.ActiveCfg = Release|Any CPU
		{EEAEA2E6-1363-40CC-BD0B-DBD35AC78CD3}.Release|Any CPU.Build.0 = Release|Any CPU
	EndGlobalSection
	GlobalSection(SolutionProperties) = preSolution
		HideSolutionNode = FALSE
	EndGlobalSection
	GlobalSection(NestedProjects) = preSolution
		{AC14DD00-BF55-F41D-D8AF-991209B6E2EE} = {02EA681E-C7D8-13C7-8484-4AC65E1B71E8}
		{EC10F87D-0D8C-4F61-9C45-5F8E0CDFC459} = {02EA681E-C7D8-13C7-8484-4AC65E1B71E8}
		{3CB9807D-32D1-4108-8CB0-D8969BE653F0} = {EC10F87D-0D8C-4F61-9C45-5F8E0CDFC459}
		{B620F435-0AB4-AD95-2B06-A65868D8EC2D} = {EC10F87D-0D8C-4F61-9C45-5F8E0CDFC459}
		{84DB1D48-10F4-8EBE-8175-41F88D821D58} = {EC10F87D-0D8C-4F61-9C45-5F8E0CDFC459}
		{FB7E8962-F606-080B-4A15-903A4064934D} = {EC10F87D-0D8C-4F61-9C45-5F8E0CDFC459}
		{73CD5C37-0772-BE9B-44FA-D2C390DD51B1} = {EC10F87D-0D8C-4F61-9C45-5F8E0CDFC459}
		{EEAEA2E6-1363-40CC-BD0B-DBD35AC78CD3} = {EC10F87D-0D8C-4F61-9C45-5F8E0CDFC459}
	EndGlobalSection
	GlobalSection(ExtensibilityGlobals) = postSolution
		SolutionGuid = {4A11F59B-1E45-43DF-834B-2C8198FAE9D6}
	EndGlobalSection
EndGlobal
